// !$*UTF8*$!
{
	archiveVersion = 1;
	classes = {
	};
	objectVersion = 46;
	objects = {

/* Begin PBXBuildFile section */
		FADD0C221B0E280600E0A456 /* main.cpp in Sources */ = {isa = PBXBuildFile; fileRef = FADD0C211B0E280600E0A456 /* main.cpp */; };
		FADD0C2A1B0E283100E0A456 /* HashMap.cpp in Sources */ = {isa = PBXBuildFile; fileRef = FADD0C281B0E283000E0A456 /* HashMap.cpp */; };
/* End PBXBuildFile section */

/* Begin PBXCopyFilesBuildPhase section */
		FADD0C1C1B0E280600E0A456 /* CopyFiles */ = {
			isa = PBXCopyFilesBuildPhase;
			buildActionMask = 2147483647;
			dstPath = /usr/share/man/man1/;
			dstSubfolderSpec = 0;
			files = (
			);
			runOnlyForDeploymentPostprocessing = 1;
		};
/* End PBXCopyFilesBuildPhase section */

/* Begin PBXFileReference section */
		FADD0C1E1B0E280600E0A456 /* HashMap */ = {isa = PBXFileReference; explicitFileType = "compiled.mach-o.executable"; includeInIndex = 0; path = HashMap; sourceTree = BUILT_PRODUCTS_DIR; };
		FADD0C211B0E280600E0A456 /* main.cpp */ = {isa = PBXFileReference; lastKnownFileType = sourcecode.cpp.cpp; path = main.cpp; sourceTree = "<group>"; };
		FADD0C281B0E283000E0A456 /* HashMap.cpp */ = {isa = PBXFileReference; fileEncoding = 4; lastKnownFileType = sourcecode.cpp.cpp; path = HashMap.cpp; sourceTree = "<group>"; };
		FADD0C291B0E283000E0A456 /* HashMap.h */ = {isa = PBXFileReference; fileEncoding = 4; lastKnownFileType = sourcecode.c.h; path = HashMap.h; sourceTree = "<group>"; };
/* End PBXFileReference section */

/* Begin PBXFrameworksBuildPhase section */
		FADD0C1B1B0E280600E0A456 /* Frameworks */ = {
			isa = PBXFrameworksBuildPhase;
			buildActionMask = 2147483647;
			files = (
			);
			runOnlyForDeploymentPostprocessing = 0;
		};
/* End PBXFrameworksBuildPhase section */

/* Begin PBXGroup section */
		FADD0C151B0E280600E0A456 = {
			isa = PBXGroup;
			children = (
				FADD0C201B0E280600E0A456 /* HashMap */,
				FADD0C1F1B0E280600E0A456 /* Products */,
			);
			sourceTree = "<group>";
		};
		FADD0C1F1B0E280600E0A456 /* Products */ = {
			isa = PBXGroup;
			children = (
				FADD0C1E1B0E280600E0A456 /* HashMap */,
			);
			name = Products;
			sourceTree = "<group>";
		};
		FADD0C201B0E280600E0A456 /* HashMap */ = {
			isa = PBXGroup;
			children = (
				FADD0C211B0E280600E0A456 /* main.cpp */,
				FADD0C281B0E283000E0A456 /* HashMap.cpp */,
				FADD0C291B0E283000E0A456 /* HashMap.h */,
			);
			path = HashMap;
			sourceTree = "<group>";
		};
/* End PBXGroup section */

/* Begin PBXNativeTarget section */
		FADD0C1D1B0E280600E0A456 /* HashMap */ = {
			isa = PBXNativeTarget;
			buildConfigurationList = FADD0C251B0E280600E0A456 /* Build configuration list for PBXNativeTarget "HashMap" */;
			buildPhases = (
				FADD0C1A1B0E280600E0A456 /* Sources */,
				FADD0C1B1B0E280600E0A456 /* Frameworks */,
				FADD0C1C1B0E280600E0A456 /* CopyFiles */,
			);
			buildRules = (
			);
			dependencies = (
			);
			name = HashMap;
			productName = HashMap;
			productReference = FADD0C1E1B0E280600E0A456 /* HashMap */;
			productType = "com.apple.product-type.tool";
		};
/* End PBXNativeTarget section */

/* Begin PBXProject section */
		FADD0C161B0E280600E0A456 /* Project object */ = {
			isa = PBXProject;
			attributes = {
				LastUpgradeCheck = 0610;
				ORGANIZATIONNAME = Naqvi;
				TargetAttributes = {
					FADD0C1D1B0E280600E0A456 = {
						CreatedOnToolsVersion = 6.1.1;
					};
				};
			};
			buildConfigurationList = FADD0C191B0E280600E0A456 /* Build configuration list for PBXProject "HashMap" */;
			compatibilityVersion = "Xcode 3.2";
			developmentRegion = English;
			hasScannedForEncodings = 0;
			knownRegions = (
				en,
			);
			mainGroup = FADD0C151B0E280600E0A456;
			productRefGroup = FADD0C1F1B0E280600E0A456 /* Products */;
			projectDirPath = "";
			projectRoot = "";
			targets = (
				FADD0C1D1B0E280600E0A456 /* HashMap */,
			);
		};
/* End PBXProject section */

/* Begin PBXSourcesBuildPhase section */
		FADD0C1A1B0E280600E0A456 /* Sources */ = {
			isa = PBXSourcesBuildPhase;
			buildActionMask = 2147483647;
			files = (
				FADD0C2A1B0E283100E0A456 /* HashMap.cpp in Sources */,
				FADD0C221B0E280600E0A456 /* main.cpp in Sources */,
			);
			runOnlyForDeploymentPostprocessing = 0;
		};
/* End PBXSourcesBuildPhase section */

/* Begin XCBuildConfiguration section */
		FADD0C231B0E280600E0A456 /* Debug */ = {
			isa = XCBuildConfiguration;
			buildSettings = {
				ALWAYS_SEARCH_USER_PATHS = NO;
				CLANG_CXX_LANGUAGE_STANDARD = "gnu++0x";
				CLANG_CXX_LIBRARY = "libc++";
				CLANG_ENABLE_MODULES = YES;
				CLANG_ENABLE_OBJC_ARC = YES;
				CLANG_WARN_BOOL_CONVERSION = YES;
				CLANG_WARN_CONSTANT_CONVERSION = YES;
				CLANG_WARN_DIRECT_OBJC_ISA_USAGE = YES_ERROR;
				CLANG_WARN_EMPTY_BODY = YES;
				CLANG_WARN_ENUM_CONVERSION = YES;
				CLANG_WARN_INT_CONVERSION = YES;
				CLANG_WARN_OBJC_ROOT_CLASS = YES_ERROR;
				CLANG_WARN_UNREACHABLE_CODE = YES;
				CLANG_WARN__DUPLICATE_METHOD_MATCH = YES;
				COPY_PHASE_STRIP = NO;
				ENABLE_STRICT_OBJC_MSGSEND = YES;
				GCC_C_LANGUAGE_STANDARD = gnu99;
				GCC_DYNAMIC_NO_PIC = NO;
				GCC_OPTIMIZATION_LEVEL = 0;
				GCC_PREPROCESSOR_DEFINITIONS = (
					"DEBUG=1",
					"$(inherited)",
				);
				GCC_SYMBOLS_PRIVATE_EXTERN = NO;
				GCC_WARN_64_TO_32_BIT_CONVERSION = YES;
				GCC_WARN_ABOUT_RETURN_TYPE = YES_ERROR;
				GCC_WARN_UNDECLARED_SELECTOR = YES;
				GCC_WARN_UNINITIALIZED_AUTOS = YES_AGGRESSIVE;
				GCC_WARN_UNUSED_FUNCTION = YES;
				GCC_WARN_UNUSED_VARIABLE = YES;
				MACOSX_DEPLOYMENT_TARGET = 10.10;
				MTL_ENABLE_DEBUG_INFO = YES;
				ONLY_ACTIVE_ARCH = YES;
				SDKROOT = macosx;
			};
			name = Debug;
		};
		FADD0C241B0E280600E0A456 /* Release */ = {
			isa = XCBuildConfiguration;
			buildSettings = {
				ALWAYS_SEARCH_USER_PATHS = NO;
				CLANG_CXX_LANGUAGE_STANDARD = "gnu++0x";
				CLANG_CXX_LIBRARY = "libc++";
				CLANG_ENABLE_MODULES = YES;
				CLANG_ENABLE_OBJC_ARC = YES;
				CLANG_WARN_BOOL_CONVERSION = YES;
				CLANG_WARN_CONSTANT_CONVERSION = YES;
				CLANG_WARN_DIRECT_OBJC_ISA_USAGE = YES_ERROR;
				CLANG_WARN_EMPTY_BODY = YES;
				CLANG_WARN_ENUM_CONVERSION = YES;
				CLANG_WARN_INT_CONVERSION = YES;
				CLANG_WARN_OBJC_ROOT_CLASS = YES_ERROR;
				CLANG_WARN_UNREACHABLE_CODE = YES;
				CLANG_WARN__DUPLICATE_METHOD_MATCH = YES;
				COPY_PHASE_STRIP = YES;
				DEBUG_INFORMATION_FORMAT = "dwarf-with-dsym";
				ENABLE_NS_ASSERTIONS = NO;
				ENABLE_STRICT_OBJC_MSGSEND = YES;
				GCC_C_LANGUAGE_STANDARD = gnu99;
				GCC_WARN_64_TO_32_BIT_CONVERSION = YES;
				GCC_WARN_ABOUT_RETURN_TYPE = YES_ERROR;
				GCC_WARN_UNDECLARED_SELECTOR = YES;
				GCC_WARN_UNINITIALIZED_AUTOS = YES_AGGRESSIVE;
				GCC_WARN_UNUSED_FUNCTION = YES;
				GCC_WARN_UNUSED_VARIABLE = YES;
				MACOSX_DEPLOYMENT_TARGET = 10.10;
				MTL_ENABLE_DEBUG_INFO = NO;
				SDKROOT = macosx;
			};
			name = Release;
		};
		FADD0C261B0E280600E0A456 /* Debug */ = {
			isa = XCBuildConfiguration;
			buildSettings = {
				PRODUCT_NAME = "$(TARGET_NAME)";
			};
			name = Debug;
		};
		FADD0C271B0E280600E0A456 /* Release */ = {
			isa = XCBuildConfiguration;
			buildSettings = {
				PRODUCT_NAME = "$(TARGET_NAME)";
			};
			name = Release;
		};
/* End XCBuildConfiguration section */

/* Begin XCConfigurationList section */
		FADD0C191B0E280600E0A456 /* Build configuration list for PBXProject "HashMap" */ = {
			isa = XCConfigurationList;
			buildConfigurations = (
				FADD0C231B0E280600E0A456 /* Debug */,
				FADD0C241B0E280600E0A456 /* Release */,
			);
			defaultConfigurationIsVisible = 0;
			defaultConfigurationName = Release;
		};
		FADD0C251B0E280600E0A456 /* Build configuration list for PBXNativeTarget "HashMap" */ = {
			isa = XCConfigurationList;
			buildConfigurations = (
				FADD0C261B0E280600E0A456 /* Debug */,
				FADD0C271B0E280600E0A456 /* Release */,
			);
			defaultConfigurationIsVisible = 0;
		};
/* End XCConfigurationList section */
	};
	rootObject = FADD0C161B0E280600E0A456 /* Project object */;
}
